// !$*UTF8*$!
{
	archiveVersion = 1;
	classes = {
	};
	objectVersion = 56;
	objects = {

/* Begin PBXBuildFile section */
		60B4E8F62A6FF5AF0014719E /* SmoothHeroAnimationApp.swift in Sources */ = {isa = PBXBuildFile; fileRef = 60B4E8F52A6FF5AF0014719E /* SmoothHeroAnimationApp.swift */; };
		60B4E8F82A6FF5AF0014719E /* ContentView.swift in Sources */ = {isa = PBXBuildFile; fileRef = 60B4E8F72A6FF5AF0014719E /* ContentView.swift */; };
		60B4E8FA2A6FF5B10014719E /* Assets.xcassets in Resources */ = {isa = PBXBuildFile; fileRef = 60B4E8F92A6FF5B10014719E /* Assets.xcassets */; };
		60B4E8FD2A6FF5B10014719E /* Preview Assets.xcassets in Resources */ = {isa = PBXBuildFile; fileRef = 60B4E8FC2A6FF5B10014719E /* Preview Assets.xcassets */; };
		60B4E9062A6FF9AA0014719E /* Movie.swift in Sources */ = {isa = PBXBuildFile; fileRef = 60B4E9052A6FF9AA0014719E /* Movie.swift */; };
		60B4E9082A6FFAFA0014719E /* Home.swift in Sources */ = {isa = PBXBuildFile; fileRef = 60B4E9072A6FFAFA0014719E /* Home.swift */; };
		60B4E90A2A700E610014719E /* SnapCarousel.swift in Sources */ = {isa = PBXBuildFile; fileRef = 60B4E9092A700E610014719E /* SnapCarousel.swift */; };
		60B4E90C2A7024D30014719E /* DetailView.swift in Sources */ = {isa = PBXBuildFile; fileRef = 60B4E90B2A7024D30014719E /* DetailView.swift */; };
		60B4E90E2A711E230014719E /* OffsetModifier.swift in Sources */ = {isa = PBXBuildFile; fileRef = 60B4E90D2A711E230014719E /* OffsetModifier.swift */; };
/* End PBXBuildFile section */

/* Begin PBXFileReference section */
		60B4E8F22A6FF5AF0014719E /* SmoothHeroAnimation.app */ = {isa = PBXFileReference; explicitFileType = wrapper.application; includeInIndex = 0; path = SmoothHeroAnimation.app; sourceTree = BUILT_PRODUCTS_DIR; };
		60B4E8F52A6FF5AF0014719E /* SmoothHeroAnimationApp.swift */ = {isa = PBXFileReference; lastKnownFileType = sourcecode.swift; path = SmoothHeroAnimationApp.swift; sourceTree = "<group>"; };
		60B4E8F72A6FF5AF0014719E /* ContentView.swift */ = {isa = PBXFileReference; lastKnownFileType = sourcecode.swift; path = ContentView.swift; sourceTree = "<group>"; };
		60B4E8F92A6FF5B10014719E /* Assets.xcassets */ = {isa = PBXFileReference; lastKnownFileType = folder.assetcatalog; path = Assets.xcassets; sourceTree = "<group>"; };
		60B4E8FC2A6FF5B10014719E /* Preview Assets.xcassets */ = {isa = PBXFileReference; lastKnownFileType = folder.assetcatalog; path = "Preview Assets.xcassets"; sourceTree = "<group>"; };
		60B4E9052A6FF9AA0014719E /* Movie.swift */ = {isa = PBXFileReference; lastKnownFileType = sourcecode.swift; path = Movie.swift; sourceTree = "<group>"; };
		60B4E9072A6FFAFA0014719E /* Home.swift */ = {isa = PBXFileReference; lastKnownFileType = sourcecode.swift; path = Home.swift; sourceTree = "<group>"; };
		60B4E9092A700E610014719E /* SnapCarousel.swift */ = {isa = PBXFileReference; lastKnownFileType = sourcecode.swift; path = SnapCarousel.swift; sourceTree = "<group>"; };
		60B4E90B2A7024D30014719E /* DetailView.swift */ = {isa = PBXFileReference; lastKnownFileType = sourcecode.swift; path = DetailView.swift; sourceTree = "<group>"; };
		60B4E90D2A711E230014719E /* OffsetModifier.swift */ = {isa = PBXFileReference; lastKnownFileType = sourcecode.swift; path = OffsetModifier.swift; sourceTree = "<group>"; };
/* End PBXFileReference section */

/* Begin PBXFrameworksBuildPhase section */
		60B4E8EF2A6FF5AF0014719E /* Frameworks */ = {
			isa = PBXFrameworksBuildPhase;
			buildActionMask = 2147483647;
			files = (
			);
			runOnlyForDeploymentPostprocessing = 0;
		};
/* End PBXFrameworksBuildPhase section */

/* Begin PBXGroup section */
		60B4E8E92A6FF5AF0014719E = {
			isa = PBXGroup;
			children = (
				60B4E8F42A6FF5AF0014719E /* SmoothHeroAnimation */,
				60B4E8F32A6FF5AF0014719E /* Products */,
			);
			sourceTree = "<group>";
		};
		60B4E8F32A6FF5AF0014719E /* Products */ = {
			isa = PBXGroup;
			children = (
				60B4E8F22A6FF5AF0014719E /* SmoothHeroAnimation.app */,
			);
			name = Products;
			sourceTree = "<group>";
		};
		60B4E8F42A6FF5AF0014719E /* SmoothHeroAnimation */ = {
			isa = PBXGroup;
			children = (
				60B4E9042A6FF99B0014719E /* View */,
				60B4E9032A6FF9920014719E /* Model */,
				60B4E8F52A6FF5AF0014719E /* SmoothHeroAnimationApp.swift */,
				60B4E8F72A6FF5AF0014719E /* ContentView.swift */,
				60B4E8F92A6FF5B10014719E /* Assets.xcassets */,
				60B4E8FB2A6FF5B10014719E /* Preview Content */,
			);
			path = SmoothHeroAnimation;
			sourceTree = "<group>";
		};
		60B4E8FB2A6FF5B10014719E /* Preview Content */ = {
			isa = PBXGroup;
			children = (
				60B4E8FC2A6FF5B10014719E /* Preview Assets.xcassets */,
			);
			path = "Preview Content";
			sourceTree = "<group>";
		};
		60B4E9032A6FF9920014719E /* Model */ = {
			isa = PBXGroup;
			children = (
				60B4E9052A6FF9AA0014719E /* Movie.swift */,
			);
			path = Model;
			sourceTree = "<group>";
		};
		60B4E9042A6FF99B0014719E /* View */ = {
			isa = PBXGroup;
			children = (
				60B4E9072A6FFAFA0014719E /* Home.swift */,
				60B4E9092A700E610014719E /* SnapCarousel.swift */,
				60B4E90B2A7024D30014719E /* DetailView.swift */,
				60B4E90D2A711E230014719E /* OffsetModifier.swift */,
			);
			path = View;
			sourceTree = "<group>";
		};
/* End PBXGroup section */

/* Begin PBXNativeTarget section */
		60B4E8F12A6FF5AF0014719E /* SmoothHeroAnimation */ = {
			isa = PBXNativeTarget;
			buildConfigurationList = 60B4E9002A6FF5B10014719E /* Build configuration list for PBXNativeTarget "SmoothHeroAnimation" */;
			buildPhases = (
				60B4E8EE2A6FF5AF0014719E /* Sources */,
				60B4E8EF2A6FF5AF0014719E /* Frameworks */,
				60B4E8F02A6FF5AF0014719E /* Resources */,
			);
			buildRules = (
			);
			dependencies = (
			);
			name = SmoothHeroAnimation;
			productName = SmoothHeroAnimation;
			productReference = 60B4E8F22A6FF5AF0014719E /* SmoothHeroAnimation.app */;
			productType = "com.apple.product-type.application";
		};
/* End PBXNativeTarget section */

/* Begin PBXProject section */
		60B4E8EA2A6FF5AF0014719E /* Project object */ = {
			isa = PBXProject;
			attributes = {
				BuildIndependentTargetsInParallel = 1;
				LastSwiftUpdateCheck = 1430;
				LastUpgradeCheck = 1430;
				TargetAttributes = {
					60B4E8F12A6FF5AF0014719E = {
						CreatedOnToolsVersion = 14.3.1;
					};
				};
			};
			buildConfigurationList = 60B4E8ED2A6FF5AF0014719E /* Build configuration list for PBXProject "SmoothHeroAnimation" */;
			compatibilityVersion = "Xcode 14.0";
			developmentRegion = en;
			hasScannedForEncodings = 0;
			knownRegions = (
				en,
				Base,
			);
			mainGroup = 60B4E8E92A6FF5AF0014719E;
			productRefGroup = 60B4E8F32A6FF5AF0014719E /* Products */;
			projectDirPath = "";
			projectRoot = "";
			targets = (
				60B4E8F12A6FF5AF0014719E /* SmoothHeroAnimation */,
			);
		};
/* End PBXProject section */

/* Begin PBXResourcesBuildPhase section */
		60B4E8F02A6FF5AF0014719E /* Resources */ = {
			isa = PBXResourcesBuildPhase;
			buildActionMask = 2147483647;
			files = (
				60B4E8FD2A6FF5B10014719E /* Preview Assets.xcassets in Resources */,
				60B4E8FA2A6FF5B10014719E /* Assets.xcassets in Resources */,
			);
			runOnlyForDeploymentPostprocessing = 0;
		};
/* End PBXResourcesBuildPhase section */

/* Begin PBXSourcesBuildPhase section */
		60B4E8EE2A6FF5AF0014719E /* Sources */ = {
			isa = PBXSourcesBuildPhase;
			buildActionMask = 2147483647;
			files = (
				60B4E8F82A6FF5AF0014719E /* ContentView.swift in Sources */,
				60B4E90C2A7024D30014719E /* DetailView.swift in Sources */,
				60B4E8F62A6FF5AF0014719E /* SmoothHeroAnimationApp.swift in Sources */,
				60B4E90E2A711E230014719E /* OffsetModifier.swift in Sources */,
				60B4E9082A6FFAFA0014719E /* Home.swift in Sources */,
				60B4E9062A6FF9AA0014719E /* Movie.swift in Sources */,
				60B4E90A2A700E610014719E /* SnapCarousel.swift in Sources */,
			);
			runOnlyForDeploymentPostprocessing = 0;
		};
/* End PBXSourcesBuildPhase section */

/* Begin XCBuildConfiguration section */
		60B4E8FE2A6FF5B10014719E /* Debug */ = {
			isa = XCBuildConfiguration;
			buildSettings = {
				ALWAYS_SEARCH_USER_PATHS = NO;
				CLANG_ANALYZER_NONNULL = YES;
				CLANG_ANALYZER_NUMBER_OBJECT_CONVERSION = YES_AGGRESSIVE;
				CLANG_CXX_LANGUAGE_STANDARD = "gnu++20";
				CLANG_ENABLE_MODULES = YES;
				CLANG_ENABLE_OBJC_ARC = YES;
				CLANG_ENABLE_OBJC_WEAK = YES;
				CLANG_WARN_BLOCK_CAPTURE_AUTORELEASING = YES;
				CLANG_WARN_BOOL_CONVERSION = YES;
				CLANG_WARN_COMMA = YES;
				CLANG_WARN_CONSTANT_CONVERSION = YES;
				CLANG_WARN_DEPRECATED_OBJC_IMPLEMENTATIONS = YES;
				CLANG_WARN_DIRECT_OBJC_ISA_USAGE = YES_ERROR;
				CLANG_WARN_DOCUMENTATION_COMMENTS = YES;
				CLANG_WARN_EMPTY_BODY = YES;
				CLANG_WARN_ENUM_CONVERSION = YES;
				CLANG_WARN_INFINITE_RECURSION = YES;
				CLANG_WARN_INT_CONVERSION = YES;
				CLANG_WARN_NON_LITERAL_NULL_CONVERSION = YES;
				CLANG_WARN_OBJC_IMPLICIT_RETAIN_SELF = YES;
				CLANG_WARN_OBJC_LITERAL_CONVERSION = YES;
				CLANG_WARN_OBJC_ROOT_CLASS = YES_ERROR;
				CLANG_WARN_QUOTED_INCLUDE_IN_FRAMEWORK_HEADER = YES;
				CLANG_WARN_RANGE_LOOP_ANALYSIS = YES;
				CLANG_WARN_STRICT_PROTOTYPES = YES;
				CLANG_WARN_SUSPICIOUS_MOVE = YES;
				CLANG_WARN_UNGUARDED_AVAILABILITY = YES_AGGRESSIVE;
				CLANG_WARN_UNREACHABLE_CODE = YES;
				CLANG_WARN__DUPLICATE_METHOD_MATCH = YES;
				COPY_PHASE_STRIP = NO;
				DEBUG_INFORMATION_FORMAT = dwarf;
				ENABLE_STRICT_OBJC_MSGSEND = YES;
				ENABLE_TESTABILITY = YES;
				GCC_C_LANGUAGE_STANDARD = gnu11;
				GCC_DYNAMIC_NO_PIC = NO;
				GCC_NO_COMMON_BLOCKS = YES;
				GCC_OPTIMIZATION_LEVEL = 0;
				GCC_PREPROCESSOR_DEFINITIONS = (
					"DEBUG=1",
					"$(inherited)",
				);
				GCC_WARN_64_TO_32_BIT_CONVERSION = YES;
				GCC_WARN_ABOUT_RETURN_TYPE = YES_ERROR;
				GCC_WARN_UNDECLARED_SELECTOR = YES;
				GCC_WARN_UNINITIALIZED_AUTOS = YES_AGGRESSIVE;
				GCC_WARN_UNUSED_FUNCTION = YES;
				GCC_WARN_UNUSED_VARIABLE = YES;
				IPHONEOS_DEPLOYMENT_TARGET = 16.4;
				MTL_ENABLE_DEBUG_INFO = INCLUDE_SOURCE;
				MTL_FAST_MATH = YES;
				ONLY_ACTIVE_ARCH = YES;
				SDKROOT = iphoneos;
				SWIFT_ACTIVE_COMPILATION_CONDITIONS = DEBUG;
				SWIFT_OPTIMIZATION_LEVEL = "-Onone";
			};
			name = Debug;
		};
		60B4E8FF2A6FF5B10014719E /* Release */ = {
			isa = XCBuildConfiguration;
			buildSettings = {
				ALWAYS_SEARCH_USER_PATHS = NO;
				CLANG_ANALYZER_NONNULL = YES;
				CLANG_ANALYZER_NUMBER_OBJECT_CONVERSION = YES_AGGRESSIVE;
				CLANG_CXX_LANGUAGE_STANDARD = "gnu++20";
				CLANG_ENABLE_MODULES = YES;
				CLANG_ENABLE_OBJC_ARC = YES;
				CLANG_ENABLE_OBJC_WEAK = YES;
				CLANG_WARN_BLOCK_CAPTURE_AUTORELEASING = YES;
				CLANG_WARN_BOOL_CONVERSION = YES;
				CLANG_WARN_COMMA = YES;
				CLANG_WARN_CONSTANT_CONVERSION = YES;
				CLANG_WARN_DEPRECATED_OBJC_IMPLEMENTATIONS = YES;
				CLANG_WARN_DIRECT_OBJC_ISA_USAGE = YES_ERROR;
				CLANG_WARN_DOCUMENTATION_COMMENTS = YES;
				CLANG_WARN_EMPTY_BODY = YES;
				CLANG_WARN_ENUM_CONVERSION = YES;
				CLANG_WARN_INFINITE_RECURSION = YES;
				CLANG_WARN_INT_CONVERSION = YES;
				CLANG_WARN_NON_LITERAL_NULL_CONVERSION = YES;
				CLANG_WARN_OBJC_IMPLICIT_RETAIN_SELF = YES;
				CLANG_WARN_OBJC_LITERAL_CONVERSION = YES;
				CLANG_WARN_OBJC_ROOT_CLASS = YES_ERROR;
				CLANG_WARN_QUOTED_INCLUDE_IN_FRAMEWORK_HEADER = YES;
				CLANG_WARN_RANGE_LOOP_ANALYSIS = YES;
				CLANG_WARN_STRICT_PROTOTYPES = YES;
				CLANG_WARN_SUSPICIOUS_MOVE = YES;
				CLANG_WARN_UNGUARDED_AVAILABILITY = YES_AGGRESSIVE;
				CLANG_WARN_UNREACHABLE_CODE = YES;
				CLANG_WARN__DUPLICATE_METHOD_MATCH = YES;
				COPY_PHASE_STRIP = NO;
				DEBUG_INFORMATION_FORMAT = "dwarf-with-dsym";
				ENABLE_NS_ASSERTIONS = NO;
				ENABLE_STRICT_OBJC_MSGSEND = YES;
				GCC_C_LANGUAGE_STANDARD = gnu11;
				GCC_NO_COMMON_BLOCKS = YES;
				GCC_WARN_64_TO_32_BIT_CONVERSION = YES;
				GCC_WARN_ABOUT_RETURN_TYPE = YES_ERROR;
				GCC_WARN_UNDECLARED_SELECTOR = YES;
				GCC_WARN_UNINITIALIZED_AUTOS = YES_AGGRESSIVE;
				GCC_WARN_UNUSED_FUNCTION = YES;
				GCC_WARN_UNUSED_VARIABLE = YES;
				IPHONEOS_DEPLOYMENT_TARGET = 16.4;
				MTL_ENABLE_DEBUG_INFO = NO;
				MTL_FAST_MATH = YES;
				SDKROOT = iphoneos;
				SWIFT_COMPILATION_MODE = wholemodule;
				SWIFT_OPTIMIZATION_LEVEL = "-O";
				VALIDATE_PRODUCT = YES;
			};
			name = Release;
		};
		60B4E9012A6FF5B10014719E /* Debug */ = {
			isa = XCBuildConfiguration;
			buildSettings = {
				ASSETCATALOG_COMPILER_APPICON_NAME = AppIcon;
				ASSETCATALOG_COMPILER_GLOBAL_ACCENT_COLOR_NAME = AccentColor;
				CODE_SIGN_STYLE = Automatic;
				CURRENT_PROJECT_VERSION = 1;
				DEVELOPMENT_ASSET_PATHS = "\"SmoothHeroAnimation/Preview Content\"";
				DEVELOPMENT_TEAM = A2UPP8QZG7;
				ENABLE_PREVIEWS = YES;
				GENERATE_INFOPLIST_FILE = YES;
				INFOPLIST_KEY_UIApplicationSceneManifest_Generation = YES;
				INFOPLIST_KEY_UIApplicationSupportsIndirectInputEvents = YES;
				INFOPLIST_KEY_UILaunchScreen_Generation = YES;
				INFOPLIST_KEY_UISupportedInterfaceOrientations_iPad = "UIInterfaceOrientationPortrait UIInterfaceOrientationPortraitUpsideDown UIInterfaceOrientationLandscapeLeft UIInterfaceOrientationLandscapeRight";
				INFOPLIST_KEY_UISupportedInterfaceOrientations_iPhone = "UIInterfaceOrientationPortrait UIInterfaceOrientationLandscapeLeft UIInterfaceOrientationLandscapeRight";
				LD_RUNPATH_SEARCH_PATHS = (
					"$(inherited)",
					"@executable_path/Frameworks",
				);
				MARKETING_VERSION = 1.0;
				PRODUCT_BUNDLE_IDENTIFIER = com.bilal.SmoothHeroAnimation;
				PRODUCT_NAME = "$(TARGET_NAME)";
				SWIFT_EMIT_LOC_STRINGS = YES;
				SWIFT_VERSION = 5.0;
				TARGETED_DEVICE_FAMILY = "1,2";
			};
			name = Debug;
		};
		60B4E9022A6FF5B10014719E /* Release */ = {
			isa = XCBuildConfiguration;
			buildSettings = {
				ASSETCATALOG_COMPILER_APPICON_NAME = AppIcon;
				ASSETCATALOG_COMPILER_GLOBAL_ACCENT_COLOR_NAME = AccentColor;
				CODE_SIGN_STYLE = Automatic;
				CURRENT_PROJECT_VERSION = 1;
				DEVELOPMENT_ASSET_PATHS = "\"SmoothHeroAnimation/Preview Content\"";
				DEVELOPMENT_TEAM = A2UPP8QZG7;
				ENABLE_PREVIEWS = YES;
				GENERATE_INFOPLIST_FILE = YES;
				INFOPLIST_KEY_UIApplicationSceneManifest_Generation = YES;
				INFOPLIST_KEY_UIApplicationSupportsIndirectInputEvents = YES;
				INFOPLIST_KEY_UILaunchScreen_Generation = YES;
				INFOPLIST_KEY_UISupportedInterfaceOrientations_iPad = "UIInterfaceOrientationPortrait UIInterfaceOrientationPortraitUpsideDown UIInterfaceOrientationLandscapeLeft UIInterfaceOrientationLandscapeRight";
				INFOPLIST_KEY_UISupportedInterfaceOrientations_iPhone = "UIInterfaceOrientationPortrait UIInterfaceOrientationLandscapeLeft UIInterfaceOrientationLandscapeRight";
				LD_RUNPATH_SEARCH_PATHS = (
					"$(inherited)",
					"@executable_path/Frameworks",
				);
				MARKETING_VERSION = 1.0;
				PRODUCT_BUNDLE_IDENTIFIER = com.bilal.SmoothHeroAnimation;
				PRODUCT_NAME = "$(TARGET_NAME)";
				SWIFT_EMIT_LOC_STRINGS = YES;
				SWIFT_VERSION = 5.0;
				TARGETED_DEVICE_FAMILY = "1,2";
			};
			name = Release;
		};
/* End XCBuildConfiguration section */

/* Begin XCConfigurationList section */
		60B4E8ED2A6FF5AF0014719E /* Build configuration list for PBXProject "SmoothHeroAnimation" */ = {
			isa = XCConfigurationList;
			buildConfigurations = (
				60B4E8FE2A6FF5B10014719E /* Debug */,
				60B4E8FF2A6FF5B10014719E /* Release */,
			);
			defaultConfigurationIsVisible = 0;
			defaultConfigurationName = Release;
		};
		60B4E9002A6FF5B10014719E /* Build configuration list for PBXNativeTarget "SmoothHeroAnimation" */ = {
			isa = XCConfigurationList;
			buildConfigurations = (
				60B4E9012A6FF5B10014719E /* Debug */,
				60B4E9022A6FF5B10014719E /* Release */,
			);
			defaultConfigurationIsVisible = 0;
			defaultConfigurationName = Release;
		};
/* End XCConfigurationList section */
	};
	rootObject = 60B4E8EA2A6FF5AF0014719E /* Project object */;
}
